
Microsoft Visual Studio Solution File, Format Version 12.00
# Visual Studio 15
VisualStudioVersion = 15.0.26124.0
MinimumVisualStudioVersion = 15.0.26124.0
Project("{FAE04EC0-301F-11D3-BF4B-00C04F79EFBC}") = "Application", "Application\Application.csproj", "{597B6563-16D5-486E-BD4E-15E915E992FA}"
EndProject
Project("{FAE04EC0-301F-11D3-BF4B-00C04F79EFBC}") = "Domain", "Domain\Domain.csproj", "{6A15F670-96CB-481C-8724-623AC29E7714}"
EndProject
Project("{FAE04EC0-301F-11D3-BF4B-00C04F79EFBC}") = "Persistence", "Persistence\Persistence.csproj", "{C2EE132A-5652-4AF0-B52C-0C966E88F07B}"
EndProject
Project("{FAE04EC0-301F-11D3-BF4B-00C04F79EFBC}") = "API", "API\API.csproj", "{C2B38371-068F-4CF8-8410-8E1DF4D81DE5}"
EndProject
Global
	GlobalSection(SolutionConfigurationPlatforms) = preSolution
		Debug|Any CPU = Debug|Any CPU
		Debug|x64 = Debug|x64
		Debug|x86 = Debug|x86
		Release|Any CPU = Release|Any CPU
		Release|x64 = Release|x64
		Release|x86 = Release|x86
	EndGlobalSection
	GlobalSection(SolutionProperties) = preSolution
		HideSolutionNode = FALSE
	EndGlobalSection
	GlobalSection(ProjectConfigurationPlatforms) = postSolution
		{597B6563-16D5-486E-BD4E-15E915E992FA}.Debug|Any CPU.ActiveCfg = Debug|Any CPU
		{597B6563-16D5-486E-BD4E-15E915E992FA}.Debug|Any CPU.Build.0 = Debug|Any CPU
		{597B6563-16D5-486E-BD4E-15E915E992FA}.Debug|x64.ActiveCfg = Debug|Any CPU
		{597B6563-16D5-486E-BD4E-15E915E992FA}.Debug|x64.Build.0 = Debug|Any CPU
		{597B6563-16D5-486E-BD4E-15E915E992FA}.Debug|x86.ActiveCfg = Debug|Any CPU
		{597B6563-16D5-486E-BD4E-15E915E992FA}.Debug|x86.Build.0 = Debug|Any CPU
		{597B6563-16D5-486E-BD4E-15E915E992FA}.Release|Any CPU.ActiveCfg = Release|Any CPU
		{597B6563-16D5-486E-BD4E-15E915E992FA}.Release|Any CPU.Build.0 = Release|Any CPU
		{597B6563-16D5-486E-BD4E-15E915E992FA}.Release|x64.ActiveCfg = Release|Any CPU
		{597B6563-16D5-486E-BD4E-15E915E992FA}.Release|x64.Build.0 = Release|Any CPU
		{597B6563-16D5-486E-BD4E-15E915E992FA}.Release|x86.ActiveCfg = Release|Any CPU
		{597B6563-16D5-486E-BD4E-15E915E992FA}.Release|x86.Build.0 = Release|Any CPU
		{6A15F670-96CB-481C-8724-623AC29E7714}.Debug|Any CPU.ActiveCfg = Debug|Any CPU
		{6A15F670-96CB-481C-8724-623AC29E7714}.Debug|Any CPU.Build.0 = Debug|Any CPU
		{6A15F670-96CB-481C-8724-623AC29E7714}.Debug|x64.ActiveCfg = Debug|Any CPU
		{6A15F670-96CB-481C-8724-623AC29E7714}.Debug|x64.Build.0 = Debug|Any CPU
		{6A15F670-96CB-481C-8724-623AC29E7714}.Debug|x86.ActiveCfg = Debug|Any CPU
		{6A15F670-96CB-481C-8724-623AC29E7714}.Debug|x86.Build.0 = Debug|Any CPU
		{6A15F670-96CB-481C-8724-623AC29E7714}.Release|Any CPU.ActiveCfg = Release|Any CPU
		{6A15F670-96CB-481C-8724-623AC29E7714}.Release|Any CPU.Build.0 = Release|Any CPU
		{6A15F670-96CB-481C-8724-623AC29E7714}.Release|x64.ActiveCfg = Release|Any CPU
		{6A15F670-96CB-481C-8724-623AC29E7714}.Release|x64.Build.0 = Release|Any CPU
		{6A15F670-96CB-481C-8724-623AC29E7714}.Release|x86.ActiveCfg = Release|Any CPU
		{6A15F670-96CB-481C-8724-623AC29E7714}.Release|x86.Build.0 = Release|Any CPU
		{C2EE132A-5652-4AF0-B52C-0C966E88F07B}.Debug|Any CPU.ActiveCfg = Debug|Any CPU
		{C2EE132A-5652-4AF0-B52C-0C966E88F07B}.Debug|Any CPU.Build.0 = Debug|Any CPU
		{C2EE132A-5652-4AF0-B52C-0C966E88F07B}.Debug|x64.ActiveCfg = Debug|Any CPU
		{C2EE132A-5652-4AF0-B52C-0C966E88F07B}.Debug|x64.Build.0 = Debug|Any CPU
		{C2EE132A-5652-4AF0-B52C-0C966E88F07B}.Debug|x86.ActiveCfg = Debug|Any CPU
		{C2EE132A-5652-4AF0-B52C-0C966E88F07B}.Debug|x86.Build.0 = Debug|Any CPU
		{C2EE132A-5652-4AF0-B52C-0C966E88F07B}.Release|Any CPU.ActiveCfg = Release|Any CPU
		{C2EE132A-5652-4AF0-B52C-0C966E88F07B}.Release|Any CPU.Build.0 = Release|Any CPU
		{C2EE132A-5652-4AF0-B52C-0C966E88F07B}.Release|x64.ActiveCfg = Release|Any CPU
		{C2EE132A-5652-4AF0-B52C-0C966E88F07B}.Release|x64.Build.0 = Release|Any CPU
		{C2EE132A-5652-4AF0-B52C-0C966E88F07B}.Release|x86.ActiveCfg = Release|Any CPU
		{C2EE132A-5652-4AF0-B52C-0C966E88F07B}.Release|x86.Build.0 = Release|Any CPU
		{C2B38371-068F-4CF8-8410-8E1DF4D81DE5}.Debug|Any CPU.ActiveCfg = Debug|Any CPU
		{C2B38371-068F-4CF8-8410-8E1DF4D81DE5}.Debug|Any CPU.Build.0 = Debug|Any CPU
		{C2B38371-068F-4CF8-8410-8E1DF4D81DE5}.Debug|x64.ActiveCfg = Debug|Any CPU
		{C2B38371-068F-4CF8-8410-8E1DF4D81DE5}.Debug|x64.Build.0 = Debug|Any CPU
		{C2B38371-068F-4CF8-8410-8E1DF4D81DE5}.Debug|x86.ActiveCfg = Debug|Any CPU
		{C2B38371-068F-4CF8-8410-8E1DF4D81DE5}.Debug|x86.Build.0 = Debug|Any CPU
		{C2B38371-068F-4CF8-8410-8E1DF4D81DE5}.Release|Any CPU.ActiveCfg = Release|Any CPU
		{C2B38371-068F-4CF8-8410-8E1DF4D81DE5}.Release|Any CPU.Build.0 = Release|Any CPU
		{C2B38371-068F-4CF8-8410-8E1DF4D81DE5}.Release|x64.ActiveCfg = Release|Any CPU
		{C2B38371-068F-4CF8-8410-8E1DF4D81DE5}.Release|x64.Build.0 = Release|Any CPU
		{C2B38371-068F-4CF8-8410-8E1DF4D81DE5}.Release|x86.ActiveCfg = Release|Any CPU
		{C2B38371-068F-4CF8-8410-8E1DF4D81DE5}.Release|x86.Build.0 = Release|Any CPU
	EndGlobalSection
EndGlobal
